
Microsoft Visual Studio Solution File, Format Version 12.00
# Visual Studio Version 16
VisualStudioVersion = 16.0.30621.155
MinimumVisualStudioVersion = 10.0.40219.1
Project("{2150E333-8FDC-42A3-9474-1A3956D46DE8}") = "Libs", "Libs", "{E30CBA9F-7701-486E-8EB3-6592490E2C30}"
	ProjectSection(SolutionItems) = preProject
		Src\Libs\DigitalRune-TextEditor-1.3.1\DigitalRune TextEditor.chm = Src\Libs\DigitalRune-TextEditor-1.3.1\DigitalRune TextEditor.chm
	EndProjectSection
EndProject
Project("{FAE04EC0-301F-11D3-BF4B-00C04F79EFBC}") = "WinFormsUI", "Src\Libs\WinFormsUI\WinFormsUI.csproj", "{C75532C4-765B-418E-B09B-46D36B2ABDB1}"
EndProject
Project("{FAE04EC0-301F-11D3-BF4B-00C04F79EFBC}") = "SPARQL_Studio", "Src\SPARQL_Studio\SPARQL_Studio.csproj", "{3A6D9612-F718-46EA-87B5-2DDD2C6EA963}"
	ProjectSection(ProjectDependencies) = postProject
		{6DAA3518-8C23-4B0D-9422-CD39DB725799} = {6DAA3518-8C23-4B0D-9422-CD39DB725799}
		{7BCF885B-3DCE-4255-8872-2B9D4D3EA8E2} = {7BCF885B-3DCE-4255-8872-2B9D4D3EA8E2}
		{2D18BE89-D210-49EB-A9DD-2246FBB3DF6D} = {2D18BE89-D210-49EB-A9DD-2246FBB3DF6D}
	EndProjectSection
EndProject
Project("{FAE04EC0-301F-11D3-BF4B-00C04F79EFBC}") = "DigitalRune.Windows.TextEditor", "Src\Libs\DigitalRune-TextEditor-1.3.1\DigitalRune.Windows.TextEditor\DigitalRune.Windows.TextEditor.csproj", "{2D18BE89-D210-49EB-A9DD-2246FBB3DF6D}"
EndProject
Project("{FAE04EC0-301F-11D3-BF4B-00C04F79EFBC}") = "SPARQL_Studio.Contracts", "Src\SPARQL_Studio.Contracts\SPARQL_Studio.Contracts.csproj", "{7BCF885B-3DCE-4255-8872-2B9D4D3EA8E2}"
EndProject
Project("{930C7802-8A8C-48F9-8165-68863BCCD9DD}") = "SPARQL_Studio.Setup", "Src\SPARQL_Studio.Setup\SPARQL_Studio.Setup.wixproj", "{50782D55-497B-475D-B9E5-B2E940F900BA}"
EndProject
Project("{FAE04EC0-301F-11D3-BF4B-00C04F79EFBC}") = "OntologyParserTest", "Src\OntologyParserTest\OntologyParserTest.csproj", "{BE01C349-8A27-4747-9F94-9FC8076F4DDC}"
EndProject
Project("{2150E333-8FDC-42A3-9474-1A3956D46DE8}") = "Shared", "Shared", "{8066E418-80D1-4111-A098-B3051AF702AC}"
EndProject
Project("{FAE04EC0-301F-11D3-BF4B-00C04F79EFBC}") = "OntologyParser", "Src\Shared\OntologyParser\OntologyParser.csproj", "{6DAA3518-8C23-4B0D-9422-CD39DB725799}"
EndProject
Project("{930C7802-8A8C-48F9-8165-68863BCCD9DD}") = "SPARQL_Studio.Bundle.Setup", "Src\SPARQL_Studio.Bundle.Setup\SPARQL_Studio.Bundle.Setup.wixproj", "{2C8D77E5-F1BF-421D-8874-8E7C6A433943}"
EndProject
Project("{2150E333-8FDC-42A3-9474-1A3956D46DE8}") = "Setup", "Setup", "{9396F33A-1601-4B0F-B7B8-7768D27C03D6}"
EndProject
Project("{FAE04EC0-301F-11D3-BF4B-00C04F79EFBC}") = "SPARQL_Studio.Settings", "Src\SPARQL_Studio.Settings\SPARQL_Studio.Settings.csproj", "{07793B50-DF4B-4729-9E27-07C2A1120ABC}"
EndProject
Project("{C7167F0D-BC9F-4E6E-AFE1-012C56B48DB5}") = "SPARQL_Studio_Package", "Packaging\SPARQL_Studio_Package\SPARQL_Studio_Package.wapproj", "{59B97D4A-15FE-49A9-9F9B-E7C617A700B5}"
EndProject
Global
	GlobalSection(SolutionConfigurationPlatforms) = preSolution
		Debug|Any CPU = Debug|Any CPU
		Debug|ARM = Debug|ARM
		Debug|ARM64 = Debug|ARM64
		Debug|Mixed Platforms = Debug|Mixed Platforms
		Debug|x64 = Debug|x64
		Debug|x86 = Debug|x86
		Release|Any CPU = Release|Any CPU
		Release|ARM = Release|ARM
		Release|ARM64 = Release|ARM64
		Release|Mixed Platforms = Release|Mixed Platforms
		Release|x64 = Release|x64
		Release|x86 = Release|x86
	EndGlobalSection
	GlobalSection(ProjectConfigurationPlatforms) = postSolution
		{C75532C4-765B-418E-B09B-46D36B2ABDB1}.Debug|Any CPU.ActiveCfg = Debug|Any CPU
		{C75532C4-765B-418E-B09B-46D36B2ABDB1}.Debug|Any CPU.Build.0 = Debug|Any CPU
		{C75532C4-765B-418E-B09B-46D36B2ABDB1}.Debug|ARM.ActiveCfg = Debug|Any CPU
		{C75532C4-765B-418E-B09B-46D36B2ABDB1}.Debug|ARM.Build.0 = Debug|Any CPU
		{C75532C4-765B-418E-B09B-46D36B2ABDB1}.Debug|ARM64.ActiveCfg = Debug|Any CPU
		{C75532C4-765B-418E-B09B-46D36B2ABDB1}.Debug|ARM64.Build.0 = Debug|Any CPU
		{C75532C4-765B-418E-B09B-46D36B2ABDB1}.Debug|Mixed Platforms.ActiveCfg = Debug|Any CPU
		{C75532C4-765B-418E-B09B-46D36B2ABDB1}.Debug|Mixed Platforms.Build.0 = Debug|Any CPU
		{C75532C4-765B-418E-B09B-46D36B2ABDB1}.Debug|x64.ActiveCfg = Debug|Any CPU
		{C75532C4-765B-418E-B09B-46D36B2ABDB1}.Debug|x64.Build.0 = Debug|Any CPU
		{C75532C4-765B-418E-B09B-46D36B2ABDB1}.Debug|x86.ActiveCfg = Debug|Any CPU
		{C75532C4-765B-418E-B09B-46D36B2ABDB1}.Debug|x86.Build.0 = Debug|Any CPU
		{C75532C4-765B-418E-B09B-46D36B2ABDB1}.Release|Any CPU.ActiveCfg = Release|Any CPU
		{C75532C4-765B-418E-B09B-46D36B2ABDB1}.Release|Any CPU.Build.0 = Release|Any CPU
		{C75532C4-765B-418E-B09B-46D36B2ABDB1}.Release|ARM.ActiveCfg = Release|Any CPU
		{C75532C4-765B-418E-B09B-46D36B2ABDB1}.Release|ARM.Build.0 = Release|Any CPU
		{C75532C4-765B-418E-B09B-46D36B2ABDB1}.Release|ARM64.ActiveCfg = Release|Any CPU
		{C75532C4-765B-418E-B09B-46D36B2ABDB1}.Release|ARM64.Build.0 = Release|Any CPU
		{C75532C4-765B-418E-B09B-46D36B2ABDB1}.Release|Mixed Platforms.ActiveCfg = Release|Any CPU
		{C75532C4-765B-418E-B09B-46D36B2ABDB1}.Release|Mixed Platforms.Build.0 = Release|Any CPU
		{C75532C4-765B-418E-B09B-46D36B2ABDB1}.Release|x64.ActiveCfg = Release|Any CPU
		{C75532C4-765B-418E-B09B-46D36B2ABDB1}.Release|x64.Build.0 = Release|Any CPU
		{C75532C4-765B-418E-B09B-46D36B2ABDB1}.Release|x86.ActiveCfg = Release|Any CPU
		{C75532C4-765B-418E-B09B-46D36B2ABDB1}.Release|x86.Build.0 = Release|Any CPU
		{3A6D9612-F718-46EA-87B5-2DDD2C6EA963}.Debug|Any CPU.ActiveCfg = Debug|Any CPU
		{3A6D9612-F718-46EA-87B5-2DDD2C6EA963}.Debug|Any CPU.Build.0 = Debug|Any CPU
		{3A6D9612-F718-46EA-87B5-2DDD2C6EA963}.Debug|ARM.ActiveCfg = Debug|Any CPU
		{3A6D9612-F718-46EA-87B5-2DDD2C6EA963}.Debug|ARM.Build.0 = Debug|Any CPU
		{3A6D9612-F718-46EA-87B5-2DDD2C6EA963}.Debug|ARM64.ActiveCfg = Debug|Any CPU
		{3A6D9612-F718-46EA-87B5-2DDD2C6EA963}.Debug|ARM64.Build.0 = Debug|Any CPU
		{3A6D9612-F718-46EA-87B5-2DDD2C6EA963}.Debug|Mixed Platforms.ActiveCfg = Debug|Any CPU
		{3A6D9612-F718-46EA-87B5-2DDD2C6EA963}.Debug|Mixed Platforms.Build.0 = Debug|Any CPU
		{3A6D9612-F718-46EA-87B5-2DDD2C6EA963}.Debug|x64.ActiveCfg = Debug|Any CPU
		{3A6D9612-F718-46EA-87B5-2DDD2C6EA963}.Debug|x64.Build.0 = Debug|Any CPU
		{3A6D9612-F718-46EA-87B5-2DDD2C6EA963}.Debug|x86.ActiveCfg = Debug|Any CPU
		{3A6D9612-F718-46EA-87B5-2DDD2C6EA963}.Debug|x86.Build.0 = Debug|Any CPU
		{3A6D9612-F718-46EA-87B5-2DDD2C6EA963}.Release|Any CPU.ActiveCfg = Release|Any CPU
		{3A6D9612-F718-46EA-87B5-2DDD2C6EA963}.Release|Any CPU.Build.0 = Release|Any CPU
		{3A6D9612-F718-46EA-87B5-2DDD2C6EA963}.Release|ARM.ActiveCfg = Release|Any CPU
		{3A6D9612-F718-46EA-87B5-2DDD2C6EA963}.Release|ARM.Build.0 = Release|Any CPU
		{3A6D9612-F718-46EA-87B5-2DDD2C6EA963}.Release|ARM64.ActiveCfg = Release|Any CPU
		{3A6D9612-F718-46EA-87B5-2DDD2C6EA963}.Release|ARM64.Build.0 = Release|Any CPU
		{3A6D9612-F718-46EA-87B5-2DDD2C6EA963}.Release|Mixed Platforms.ActiveCfg = Release|Any CPU
		{3A6D9612-F718-46EA-87B5-2DDD2C6EA963}.Release|Mixed Platforms.Build.0 = Release|Any CPU
		{3A6D9612-F718-46EA-87B5-2DDD2C6EA963}.Release|x64.ActiveCfg = Release|Any CPU
		{3A6D9612-F718-46EA-87B5-2DDD2C6EA963}.Release|x64.Build.0 = Release|Any CPU
		{3A6D9612-F718-46EA-87B5-2DDD2C6EA963}.Release|x86.ActiveCfg = Release|Any CPU
		{3A6D9612-F718-46EA-87B5-2DDD2C6EA963}.Release|x86.Build.0 = Release|Any CPU
		{2D18BE89-D210-49EB-A9DD-2246FBB3DF6D}.Debug|Any CPU.ActiveCfg = Debug|Any CPU
		{2D18BE89-D210-49EB-A9DD-2246FBB3DF6D}.Debug|Any CPU.Build.0 = Debug|Any CPU
		{2D18BE89-D210-49EB-A9DD-2246FBB3DF6D}.Debug|ARM.ActiveCfg = Debug|Any CPU
		{2D18BE89-D210-49EB-A9DD-2246FBB3DF6D}.Debug|ARM.Build.0 = Debug|Any CPU
		{2D18BE89-D210-49EB-A9DD-2246FBB3DF6D}.Debug|ARM64.ActiveCfg = Debug|Any CPU
		{2D18BE89-D210-49EB-A9DD-2246FBB3DF6D}.Debug|ARM64.Build.0 = Debug|Any CPU
		{2D18BE89-D210-49EB-A9DD-2246FBB3DF6D}.Debug|Mixed Platforms.ActiveCfg = Debug|Any CPU
		{2D18BE89-D210-49EB-A9DD-2246FBB3DF6D}.Debug|Mixed Platforms.Build.0 = Debug|Any CPU
		{2D18BE89-D210-49EB-A9DD-2246FBB3DF6D}.Debug|x64.ActiveCfg = Debug|Any CPU
		{2D18BE89-D210-49EB-A9DD-2246FBB3DF6D}.Debug|x64.Build.0 = Debug|Any CPU
		{2D18BE89-D210-49EB-A9DD-2246FBB3DF6D}.Debug|x86.ActiveCfg = Debug|Any CPU
		{2D18BE89-D210-49EB-A9DD-2246FBB3DF6D}.Debug|x86.Build.0 = Debug|Any CPU
		{2D18BE89-D210-49EB-A9DD-2246FBB3DF6D}.Release|Any CPU.ActiveCfg = Release|Any CPU
		{2D18BE89-D210-49EB-A9DD-2246FBB3DF6D}.Release|Any CPU.Build.0 = Release|Any CPU
		{2D18BE89-D210-49EB-A9DD-2246FBB3DF6D}.Release|ARM.ActiveCfg = Release|Any CPU
		{2D18BE89-D210-49EB-A9DD-2246FBB3DF6D}.Release|ARM.Build.0 = Release|Any CPU
		{2D18BE89-D210-49EB-A9DD-2246FBB3DF6D}.Release|ARM64.ActiveCfg = Release|Any CPU
		{2D18BE89-D210-49EB-A9DD-2246FBB3DF6D}.Release|ARM64.Build.0 = Release|Any CPU
		{2D18BE89-D210-49EB-A9DD-2246FBB3DF6D}.Release|Mixed Platforms.ActiveCfg = Release|Any CPU
		{2D18BE89-D210-49EB-A9DD-2246FBB3DF6D}.Release|Mixed Platforms.Build.0 = Release|Any CPU
		{2D18BE89-D210-49EB-A9DD-2246FBB3DF6D}.Release|x64.ActiveCfg = Release|Any CPU
		{2D18BE89-D210-49EB-A9DD-2246FBB3DF6D}.Release|x64.Build.0 = Release|Any CPU
		{2D18BE89-D210-49EB-A9DD-2246FBB3DF6D}.Release|x86.ActiveCfg = Release|Any CPU
		{2D18BE89-D210-49EB-A9DD-2246FBB3DF6D}.Release|x86.Build.0 = Release|Any CPU
		{7BCF885B-3DCE-4255-8872-2B9D4D3EA8E2}.Debug|Any CPU.ActiveCfg = Debug|Any CPU
		{7BCF885B-3DCE-4255-8872-2B9D4D3EA8E2}.Debug|Any CPU.Build.0 = Debug|Any CPU
		{7BCF885B-3DCE-4255-8872-2B9D4D3EA8E2}.Debug|ARM.ActiveCfg = Debug|Any CPU
		{7BCF885B-3DCE-4255-8872-2B9D4D3EA8E2}.Debug|ARM.Build.0 = Debug|Any CPU
		{7BCF885B-3DCE-4255-8872-2B9D4D3EA8E2}.Debug|ARM64.ActiveCfg = Debug|Any CPU
		{7BCF885B-3DCE-4255-8872-2B9D4D3EA8E2}.Debug|ARM64.Build.0 = Debug|Any CPU
		{7BCF885B-3DCE-4255-8872-2B9D4D3EA8E2}.Debug|Mixed Platforms.ActiveCfg = Debug|Any CPU
		{7BCF885B-3DCE-4255-8872-2B9D4D3EA8E2}.Debug|Mixed Platforms.Build.0 = Debug|Any CPU
		{7BCF885B-3DCE-4255-8872-2B9D4D3EA8E2}.Debug|x64.ActiveCfg = Debug|Any CPU
		{7BCF885B-3DCE-4255-8872-2B9D4D3EA8E2}.Debug|x64.Build.0 = Debug|Any CPU
		{7BCF885B-3DCE-4255-8872-2B9D4D3EA8E2}.Debug|x86.ActiveCfg = Debug|Any CPU
		{7BCF885B-3DCE-4255-8872-2B9D4D3EA8E2}.Debug|x86.Build.0 = Debug|Any CPU
		{7BCF885B-3DCE-4255-8872-2B9D4D3EA8E2}.Release|Any CPU.ActiveCfg = Release|Any CPU
		{7BCF885B-3DCE-4255-8872-2B9D4D3EA8E2}.Release|Any CPU.Build.0 = Release|Any CPU
		{7BCF885B-3DCE-4255-8872-2B9D4D3EA8E2}.Release|ARM.ActiveCfg = Release|Any CPU
		{7BCF885B-3DCE-4255-8872-2B9D4D3EA8E2}.Release|ARM.Build.0 = Release|Any CPU
		{7BCF885B-3DCE-4255-8872-2B9D4D3EA8E2}.Release|ARM64.ActiveCfg = Release|Any CPU
		{7BCF885B-3DCE-4255-8872-2B9D4D3EA8E2}.Release|ARM64.Build.0 = Release|Any CPU
		{7BCF885B-3DCE-4255-8872-2B9D4D3EA8E2}.Release|Mixed Platforms.ActiveCfg = Release|Any CPU
		{7BCF885B-3DCE-4255-8872-2B9D4D3EA8E2}.Release|Mixed Platforms.Build.0 = Release|Any CPU
		{7BCF885B-3DCE-4255-8872-2B9D4D3EA8E2}.Release|x64.ActiveCfg = Release|Any CPU
		{7BCF885B-3DCE-4255-8872-2B9D4D3EA8E2}.Release|x64.Build.0 = Release|Any CPU
		{7BCF885B-3DCE-4255-8872-2B9D4D3EA8E2}.Release|x86.ActiveCfg = Release|Any CPU
		{7BCF885B-3DCE-4255-8872-2B9D4D3EA8E2}.Release|x86.Build.0 = Release|Any CPU
		{50782D55-497B-475D-B9E5-B2E940F900BA}.Debug|Any CPU.ActiveCfg = Debug|x86
		{50782D55-497B-475D-B9E5-B2E940F900BA}.Debug|ARM.ActiveCfg = Debug|x86
		{50782D55-497B-475D-B9E5-B2E940F900BA}.Debug|ARM64.ActiveCfg = Debug|x86
		{50782D55-497B-475D-B9E5-B2E940F900BA}.Debug|Mixed Platforms.ActiveCfg = Debug|x86
		{50782D55-497B-475D-B9E5-B2E940F900BA}.Debug|x64.ActiveCfg = Debug|x86
		{50782D55-497B-475D-B9E5-B2E940F900BA}.Debug|x86.ActiveCfg = Debug|x86
		{50782D55-497B-475D-B9E5-B2E940F900BA}.Release|Any CPU.ActiveCfg = Release|x86
		{50782D55-497B-475D-B9E5-B2E940F900BA}.Release|Any CPU.Build.0 = Release|x86
		{50782D55-497B-475D-B9E5-B2E940F900BA}.Release|ARM.ActiveCfg = Release|x86
		{50782D55-497B-475D-B9E5-B2E940F900BA}.Release|ARM64.ActiveCfg = Release|x86
		{50782D55-497B-475D-B9E5-B2E940F900BA}.Release|Mixed Platforms.ActiveCfg = Release|x86
		{50782D55-497B-475D-B9E5-B2E940F900BA}.Release|Mixed Platforms.Build.0 = Release|x86
		{50782D55-497B-475D-B9E5-B2E940F900BA}.Release|x64.ActiveCfg = Release|x86
		{50782D55-497B-475D-B9E5-B2E940F900BA}.Release|x86.ActiveCfg = Release|x86
		{BE01C349-8A27-4747-9F94-9FC8076F4DDC}.Debug|Any CPU.ActiveCfg = Debug|Any CPU
		{BE01C349-8A27-4747-9F94-9FC8076F4DDC}.Debug|Any CPU.Build.0 = Debug|Any CPU
		{BE01C349-8A27-4747-9F94-9FC8076F4DDC}.Debug|ARM.ActiveCfg = Debug|Any CPU
		{BE01C349-8A27-4747-9F94-9FC8076F4DDC}.Debug|ARM.Build.0 = Debug|Any CPU
		{BE01C349-8A27-4747-9F94-9FC8076F4DDC}.Debug|ARM64.ActiveCfg = Debug|Any CPU
		{BE01C349-8A27-4747-9F94-9FC8076F4DDC}.Debug|ARM64.Build.0 = Debug|Any CPU
		{BE01C349-8A27-4747-9F94-9FC8076F4DDC}.Debug|Mixed Platforms.ActiveCfg = Debug|Any CPU
		{BE01C349-8A27-4747-9F94-9FC8076F4DDC}.Debug|Mixed Platforms.Build.0 = Debug|Any CPU
		{BE01C349-8A27-4747-9F94-9FC8076F4DDC}.Debug|x64.ActiveCfg = Debug|Any CPU
		{BE01C349-8A27-4747-9F94-9FC8076F4DDC}.Debug|x64.Build.0 = Debug|Any CPU
		{BE01C349-8A27-4747-9F94-9FC8076F4DDC}.Debug|x86.ActiveCfg = Debug|Any CPU
		{BE01C349-8A27-4747-9F94-9FC8076F4DDC}.Debug|x86.Build.0 = Debug|Any CPU
		{BE01C349-8A27-4747-9F94-9FC8076F4DDC}.Release|Any CPU.ActiveCfg = Release|Any CPU
		{BE01C349-8A27-4747-9F94-9FC8076F4DDC}.Release|Any CPU.Build.0 = Release|Any CPU
		{BE01C349-8A27-4747-9F94-9FC8076F4DDC}.Release|ARM.ActiveCfg = Release|Any CPU
		{BE01C349-8A27-4747-9F94-9FC8076F4DDC}.Release|ARM.Build.0 = Release|Any CPU
		{BE01C349-8A27-4747-9F94-9FC8076F4DDC}.Release|ARM64.ActiveCfg = Release|Any CPU
		{BE01C349-8A27-4747-9F94-9FC8076F4DDC}.Release|ARM64.Build.0 = Release|Any CPU
		{BE01C349-8A27-4747-9F94-9FC8076F4DDC}.Release|Mixed Platforms.ActiveCfg = Release|Any CPU
		{BE01C349-8A27-4747-9F94-9FC8076F4DDC}.Release|Mixed Platforms.Build.0 = Release|Any CPU
		{BE01C349-8A27-4747-9F94-9FC8076F4DDC}.Release|x64.ActiveCfg = Release|Any CPU
		{BE01C349-8A27-4747-9F94-9FC8076F4DDC}.Release|x64.Build.0 = Release|Any CPU
		{BE01C349-8A27-4747-9F94-9FC8076F4DDC}.Release|x86.ActiveCfg = Release|Any CPU
		{BE01C349-8A27-4747-9F94-9FC8076F4DDC}.Release|x86.Build.0 = Release|Any CPU
		{6DAA3518-8C23-4B0D-9422-CD39DB725799}.Debug|Any CPU.ActiveCfg = Debug|Any CPU
		{6DAA3518-8C23-4B0D-9422-CD39DB725799}.Debug|Any CPU.Build.0 = Debug|Any CPU
		{6DAA3518-8C23-4B0D-9422-CD39DB725799}.Debug|ARM.ActiveCfg = Debug|Any CPU
		{6DAA3518-8C23-4B0D-9422-CD39DB725799}.Debug|ARM.Build.0 = Debug|Any CPU
		{6DAA3518-8C23-4B0D-9422-CD39DB725799}.Debug|ARM64.ActiveCfg = Debug|Any CPU
		{6DAA3518-8C23-4B0D-9422-CD39DB725799}.Debug|ARM64.Build.0 = Debug|Any CPU
		{6DAA3518-8C23-4B0D-9422-CD39DB725799}.Debug|Mixed Platforms.ActiveCfg = Debug|Any CPU
		{6DAA3518-8C23-4B0D-9422-CD39DB725799}.Debug|Mixed Platforms.Build.0 = Debug|Any CPU
		{6DAA3518-8C23-4B0D-9422-CD39DB725799}.Debug|x64.ActiveCfg = Debug|Any CPU
		{6DAA3518-8C23-4B0D-9422-CD39DB725799}.Debug|x64.Build.0 = Debug|Any CPU
		{6DAA3518-8C23-4B0D-9422-CD39DB725799}.Debug|x86.ActiveCfg = Debug|Any CPU
		{6DAA3518-8C23-4B0D-9422-CD39DB725799}.Debug|x86.Build.0 = Debug|Any CPU
		{6DAA3518-8C23-4B0D-9422-CD39DB725799}.Release|Any CPU.ActiveCfg = Release|Any CPU
		{6DAA3518-8C23-4B0D-9422-CD39DB725799}.Release|Any CPU.Build.0 = Release|Any CPU
		{6DAA3518-8C23-4B0D-9422-CD39DB725799}.Release|ARM.ActiveCfg = Release|Any CPU
		{6DAA3518-8C23-4B0D-9422-CD39DB725799}.Release|ARM.Build.0 = Release|Any CPU
		{6DAA3518-8C23-4B0D-9422-CD39DB725799}.Release|ARM64.ActiveCfg = Release|Any CPU
		{6DAA3518-8C23-4B0D-9422-CD39DB725799}.Release|ARM64.Build.0 = Release|Any CPU
		{6DAA3518-8C23-4B0D-9422-CD39DB725799}.Release|Mixed Platforms.ActiveCfg = Release|Any CPU
		{6DAA3518-8C23-4B0D-9422-CD39DB725799}.Release|Mixed Platforms.Build.0 = Release|Any CPU
		{6DAA3518-8C23-4B0D-9422-CD39DB725799}.Release|x64.ActiveCfg = Release|Any CPU
		{6DAA3518-8C23-4B0D-9422-CD39DB725799}.Release|x64.Build.0 = Release|Any CPU
		{6DAA3518-8C23-4B0D-9422-CD39DB725799}.Release|x86.ActiveCfg = Release|Any CPU
		{6DAA3518-8C23-4B0D-9422-CD39DB725799}.Release|x86.Build.0 = Release|Any CPU
		{2C8D77E5-F1BF-421D-8874-8E7C6A433943}.Debug|Any CPU.ActiveCfg = Debug|x86
		{2C8D77E5-F1BF-421D-8874-8E7C6A433943}.Debug|ARM.ActiveCfg = Debug|x86
		{2C8D77E5-F1BF-421D-8874-8E7C6A433943}.Debug|ARM64.ActiveCfg = Debug|x86
		{2C8D77E5-F1BF-421D-8874-8E7C6A433943}.Debug|Mixed Platforms.ActiveCfg = Debug|x86
		{2C8D77E5-F1BF-421D-8874-8E7C6A433943}.Debug|x64.ActiveCfg = Debug|x86
		{2C8D77E5-F1BF-421D-8874-8E7C6A433943}.Debug|x86.ActiveCfg = Debug|x86
		{2C8D77E5-F1BF-421D-8874-8E7C6A433943}.Release|Any CPU.ActiveCfg = Release|x86
		{2C8D77E5-F1BF-421D-8874-8E7C6A433943}.Release|Any CPU.Build.0 = Release|x86
		{2C8D77E5-F1BF-421D-8874-8E7C6A433943}.Release|ARM.ActiveCfg = Release|x86
		{2C8D77E5-F1BF-421D-8874-8E7C6A433943}.Release|ARM64.ActiveCfg = Release|x86
		{2C8D77E5-F1BF-421D-8874-8E7C6A433943}.Release|Mixed Platforms.ActiveCfg = Release|x86
		{2C8D77E5-F1BF-421D-8874-8E7C6A433943}.Release|Mixed Platforms.Build.0 = Release|x86
		{2C8D77E5-F1BF-421D-8874-8E7C6A433943}.Release|x64.ActiveCfg = Release|x86
		{2C8D77E5-F1BF-421D-8874-8E7C6A433943}.Release|x86.ActiveCfg = Release|x86
		{07793B50-DF4B-4729-9E27-07C2A1120ABC}.Debug|Any CPU.ActiveCfg = Debug|Any CPU
		{07793B50-DF4B-4729-9E27-07C2A1120ABC}.Debug|Any CPU.Build.0 = Debug|Any CPU
		{07793B50-DF4B-4729-9E27-07C2A1120ABC}.Debug|ARM.ActiveCfg = Debug|Any CPU
		{07793B50-DF4B-4729-9E27-07C2A1120ABC}.Debug|ARM.Build.0 = Debug|Any CPU
		{07793B50-DF4B-4729-9E27-07C2A1120ABC}.Debug|ARM64.ActiveCfg = Debug|Any CPU
		{07793B50-DF4B-4729-9E27-07C2A1120ABC}.Debug|ARM64.Build.0 = Debug|Any CPU
		{07793B50-DF4B-4729-9E27-07C2A1120ABC}.Debug|Mixed Platforms.ActiveCfg = Debug|Any CPU
		{07793B50-DF4B-4729-9E27-07C2A1120ABC}.Debug|Mixed Platforms.Build.0 = Debug|Any CPU
		{07793B50-DF4B-4729-9E27-07C2A1120ABC}.Debug|x64.ActiveCfg = Debug|Any CPU
		{07793B50-DF4B-4729-9E27-07C2A1120ABC}.Debug|x64.Build.0 = Debug|Any CPU
		{07793B50-DF4B-4729-9E27-07C2A1120ABC}.Debug|x86.ActiveCfg = Debug|Any CPU
		{07793B50-DF4B-4729-9E27-07C2A1120ABC}.Debug|x86.Build.0 = Debug|Any CPU
		{07793B50-DF4B-4729-9E27-07C2A1120ABC}.Release|Any CPU.ActiveCfg = Release|Any CPU
		{07793B50-DF4B-4729-9E27-07C2A1120ABC}.Release|Any CPU.Build.0 = Release|Any CPU
		{07793B50-DF4B-4729-9E27-07C2A1120ABC}.Release|ARM.ActiveCfg = Release|Any CPU
		{07793B50-DF4B-4729-9E27-07C2A1120ABC}.Release|ARM.Build.0 = Release|Any CPU
		{07793B50-DF4B-4729-9E27-07C2A1120ABC}.Release|ARM64.ActiveCfg = Release|Any CPU
		{07793B50-DF4B-4729-9E27-07C2A1120ABC}.Release|ARM64.Build.0 = Release|Any CPU
		{07793B50-DF4B-4729-9E27-07C2A1120ABC}.Release|Mixed Platforms.ActiveCfg = Release|Any CPU
		{07793B50-DF4B-4729-9E27-07C2A1120ABC}.Release|Mixed Platforms.Build.0 = Release|Any CPU
		{07793B50-DF4B-4729-9E27-07C2A1120ABC}.Release|x64.ActiveCfg = Release|Any CPU
		{07793B50-DF4B-4729-9E27-07C2A1120ABC}.Release|x64.Build.0 = Release|Any CPU
		{07793B50-DF4B-4729-9E27-07C2A1120ABC}.Release|x86.ActiveCfg = Release|Any CPU
		{07793B50-DF4B-4729-9E27-07C2A1120ABC}.Release|x86.Build.0 = Release|Any CPU
		{59B97D4A-15FE-49A9-9F9B-E7C617A700B5}.Debug|Any CPU.ActiveCfg = Debug|Any CPU
		{59B97D4A-15FE-49A9-9F9B-E7C617A700B5}.Debug|Any CPU.Build.0 = Debug|Any CPU
		{59B97D4A-15FE-49A9-9F9B-E7C617A700B5}.Debug|Any CPU.Deploy.0 = Debug|Any CPU
		{59B97D4A-15FE-49A9-9F9B-E7C617A700B5}.Debug|ARM.ActiveCfg = Debug|ARM
		{59B97D4A-15FE-49A9-9F9B-E7C617A700B5}.Debug|ARM.Build.0 = Debug|ARM
		{59B97D4A-15FE-49A9-9F9B-E7C617A700B5}.Debug|ARM.Deploy.0 = Debug|ARM
		{59B97D4A-15FE-49A9-9F9B-E7C617A700B5}.Debug|ARM64.ActiveCfg = Debug|ARM64
		{59B97D4A-15FE-49A9-9F9B-E7C617A700B5}.Debug|ARM64.Build.0 = Debug|ARM64
		{59B97D4A-15FE-49A9-9F9B-E7C617A700B5}.Debug|ARM64.Deploy.0 = Debug|ARM64
		{59B97D4A-15FE-49A9-9F9B-E7C617A700B5}.Debug|Mixed Platforms.ActiveCfg = Debug|x86
		{59B97D4A-15FE-49A9-9F9B-E7C617A700B5}.Debug|Mixed Platforms.Build.0 = Debug|x86
		{59B97D4A-15FE-49A9-9F9B-E7C617A700B5}.Debug|Mixed Platforms.Deploy.0 = Debug|x86
		{59B97D4A-15FE-49A9-9F9B-E7C617A700B5}.Debug|x64.ActiveCfg = Debug|x64
		{59B97D4A-15FE-49A9-9F9B-E7C617A700B5}.Debug|x64.Build.0 = Debug|x64
		{59B97D4A-15FE-49A9-9F9B-E7C617A700B5}.Debug|x64.Deploy.0 = Debug|x64
		{59B97D4A-15FE-49A9-9F9B-E7C617A700B5}.Debug|x86.ActiveCfg = Debug|x86
		{59B97D4A-15FE-49A9-9F9B-E7C617A700B5}.Debug|x86.Build.0 = Debug|x86
		{59B97D4A-15FE-49A9-9F9B-E7C617A700B5}.Debug|x86.Deploy.0 = Debug|x86
		{59B97D4A-15FE-49A9-9F9B-E7C617A700B5}.Release|Any CPU.ActiveCfg = Release|Any CPU
		{59B97D4A-15FE-49A9-9F9B-E7C617A700B5}.Release|Any CPU.Build.0 = Release|Any CPU
		{59B97D4A-15FE-49A9-9F9B-E7C617A700B5}.Release|Any CPU.Deploy.0 = Release|Any CPU
		{59B97D4A-15FE-49A9-9F9B-E7C617A700B5}.Release|ARM.ActiveCfg = Release|ARM
		{59B97D4A-15FE-49A9-9F9B-E7C617A700B5}.Release|ARM.Build.0 = Release|ARM
		{59B97D4A-15FE-49A9-9F9B-E7C617A700B5}.Release|ARM.Deploy.0 = Release|ARM
		{59B97D4A-15FE-49A9-9F9B-E7C617A700B5}.Release|ARM64.ActiveCfg = Release|ARM64
		{59B97D4A-15FE-49A9-9F9B-E7C617A700B5}.Release|ARM64.Build.0 = Release|ARM64
		{59B97D4A-15FE-49A9-9F9B-E7C617A700B5}.Release|ARM64.Deploy.0 = Release|ARM64
		{59B97D4A-15FE-49A9-9F9B-E7C617A700B5}.Release|Mixed Platforms.ActiveCfg = Release|x86
		{59B97D4A-15FE-49A9-9F9B-E7C617A700B5}.Release|Mixed Platforms.Build.0 = Release|x86
		{59B97D4A-15FE-49A9-9F9B-E7C617A700B5}.Release|Mixed Platforms.Deploy.0 = Release|x86
		{59B97D4A-15FE-49A9-9F9B-E7C617A700B5}.Release|x64.ActiveCfg = Release|x64
		{59B97D4A-15FE-49A9-9F9B-E7C617A700B5}.Release|x64.Build.0 = Release|x64
		{59B97D4A-15FE-49A9-9F9B-E7C617A700B5}.Release|x64.Deploy.0 = Release|x64
		{59B97D4A-15FE-49A9-9F9B-E7C617A700B5}.Release|x86.ActiveCfg = Release|x86
		{59B97D4A-15FE-49A9-9F9B-E7C617A700B5}.Release|x86.Build.0 = Release|x86
		{59B97D4A-15FE-49A9-9F9B-E7C617A700B5}.Release|x86.Deploy.0 = Release|x86
	EndGlobalSection
	GlobalSection(SolutionProperties) = preSolution
		HideSolutionNode = FALSE
	EndGlobalSection
	GlobalSection(NestedProjects) = preSolution
		{C75532C4-765B-418E-B09B-46D36B2ABDB1} = {E30CBA9F-7701-486E-8EB3-6592490E2C30}
		{2D18BE89-D210-49EB-A9DD-2246FBB3DF6D} = {E30CBA9F-7701-486E-8EB3-6592490E2C30}
		{50782D55-497B-475D-B9E5-B2E940F900BA} = {9396F33A-1601-4B0F-B7B8-7768D27C03D6}
		{6DAA3518-8C23-4B0D-9422-CD39DB725799} = {8066E418-80D1-4111-A098-B3051AF702AC}
		{2C8D77E5-F1BF-421D-8874-8E7C6A433943} = {9396F33A-1601-4B0F-B7B8-7768D27C03D6}
	EndGlobalSection
	GlobalSection(ExtensibilityGlobals) = postSolution
		SolutionGuid = {4E7FECE2-CFD1-4741-8B9B-4F3F6AD5CE73}
	EndGlobalSection
EndGlobal
